<?xml version="1.0" encoding="utf-8"?>
<Project ToolsVersion="4.0" xmlns="http://schemas.microsoft.com/developer/msbuild/2003">
  <ItemGroup>
    <Filter Include="Source Files">
      <UniqueIdentifier>{4FC737F1-C7A5-4376-A066-2A32D752A2FF}</UniqueIdentifier>
      <Extensions>cpp;c;cc;cxx;def;odl;idl;hpj;bat;asm;asmx</Extensions>
    </Filter>
    <Filter Include="Header Files">
      <UniqueIdentifier>{93995380-89BD-4b04-88EB-625FBE52EBFB}</UniqueIdentifier>
      <Extensions>h;hh;hpp;hxx;hm;inl;inc;xsd</Extensions>
    </Filter>
    <Filter Include="Resource Files">
      <UniqueIdentifier>{67DA6AB6-F800-4c08-8B7A-83BB121AAD01}</UniqueIdentifier>
      <Extensions>rc;ico;cur;bmp;dlg;rc2;rct;bin;rgs;gif;jpg;jpeg;jpe;resx;tiff;tif;png;wav;mfcribbon-ms</Extensions>
    </Filter>
  </ItemGroup>
  <ItemGroup>
    <None Include="Asylum.ino" />
    <None Include="html.ino" />
    <None Include="http.ino" />
    <None Include="data\www\index.html" />
    <None Include="data\www\script.js" />
    <None Include="data\www\style.css" />
  </ItemGroup>
  <ItemGroup>
    <ClInclude Include="__vm\.Asylum.vsarduino.h">
      <Filter>Header Files</Filter>
    </ClInclude>
    <ClInclude Include="Config.h">
      <Filter>Header Files</Filter>
    </ClInclude>
    <ClInclude Include="Debug.h">
      <Filter>Header Files</Filter>
    </ClInclude>
    <ClInclude Include="Device.h">
      <Filter>Header Files</Filter>
    </ClInclude>
    <ClInclude Include="Button.h">
      <Filter>Header Files</Filter>
    </ClInclude>
    <ClInclude Include="src\Socket.h">
      <Filter>Header Files</Filter>
    </ClInclude>
    <ClInclude Include="src\Encoder.h">
      <Filter>Header Files</Filter>
    </ClInclude>
    <ClInclude Include="src\Strip.h">
      <Filter>Header Files</Filter>
    </ClInclude>
    <ClInclude Include="src\AnalogSensor.h">
      <Filter>Header Files</Filter>
    </ClInclude>
    <ClInclude Include="src\HLW8012.h">
      <Filter>Header Files</Filter>
    </ClInclude>
    <ClInclude Include="src\CSE7766.h">
      <Filter>Header Files</Filter>
    </ClInclude>
    <ClInclude Include="src\BME280Sensor.h">
      <Filter>Header Files</Filter>
    </ClInclude>
    <ClInclude Include="src\SHT31.cpp.h">
      <Filter>Header Files</Filter>
    </ClInclude>
    <ClInclude Include="src\IRTransceiver.cpp.h">
      <Filter>Header Files</Filter>
    </ClInclude>
  </ItemGroup>
  <ItemGroup>
    <ClCompile Include="Config.cpp">
      <Filter>Source Files</Filter>
    </ClCompile>
    <ClCompile Include="Device.cpp">
      <Filter>Source Files</Filter>
    </ClCompile>
    <ClCompile Include="Button.cpp">
      <Filter>Source Files</Filter>
    </ClCompile>
    <ClCompile Include="src\Socket.cpp">
      <Filter>Source Files</Filter>
    </ClCompile>
    <ClCompile Include="src\Encoder.cpp">
      <Filter>Source Files</Filter>
    </ClCompile>
    <ClCompile Include="src\Strip.cpp">
      <Filter>Source Files</Filter>
    </ClCompile>
    <ClCompile Include="src\AnalogSensor.cpp">
      <Filter>Source Files</Filter>
    </ClCompile>
    <ClCompile Include="src\HLW8012.cpp">
      <Filter>Source Files</Filter>
    </ClCompile>
    <ClCompile Include="src\CSE7766.cpp">
      <Filter>Source Files</Filter>
    </ClCompile>
    <ClCompile Include="src\BME280Sensor.cpp">
      <Filter>Source Files</Filter>
    </ClCompile>
  </ItemGroup>
  <ItemGroup>
    <Image Include="data\www\favicon.ico">
      <Filter>Resource Files</Filter>
    </Image>
  </ItemGroup>
</Project>